
Microsoft Visual Studio Solution File, Format Version 12.00
# Visual Studio 2017
Project("{FAE04EC0-301F-11D3-BF4B-00C04F79EFBC}") = "V-auRal", "V-auRal.csproj", "{89BC7441-F474-F98C-6BFA-1C89BF002BAE}"
EndProject
Project("{FAE04EC0-301F-11D3-BF4B-00C04F79EFBC}") = "V-auRal.Plugins", "V-auRal.Plugins.csproj", "{0725D83F-909C-C906-C0BD-A65DC0252F03}"
EndProject
Project("{FAE04EC0-301F-11D3-BF4B-00C04F79EFBC}") = "V-auRal.Editor.Plugins", "V-auRal.Editor.Plugins.csproj", "{88FD43FD-678E-BB70-3200-072E85846D23}"
EndProject
Project("{FAE04EC0-301F-11D3-BF4B-00C04F79EFBC}") = "V-auRal.Editor", "V-auRal.Editor.csproj", "{C6508E0C-928C-B776-F6B0-49AFA548978B}"
EndProject
Global
	GlobalSection(SolutionConfigurationPlatforms) = preSolution
		Debug|Any CPU = Debug|Any CPU
		Release|Any CPU = Release|Any CPU
	EndGlobalSection
	GlobalSection(ProjectConfigurationPlatforms) = postSolution
		{89BC7441-F474-F98C-6BFA-1C89BF002BAE}.Debug|Any CPU.ActiveCfg = Debug|Any CPU
		{89BC7441-F474-F98C-6BFA-1C89BF002BAE}.Debug|Any CPU.Build.0 = Debug|Any CPU
		{89BC7441-F474-F98C-6BFA-1C89BF002BAE}.Release|Any CPU.ActiveCfg = Release|Any CPU
		{89BC7441-F474-F98C-6BFA-1C89BF002BAE}.Release|Any CPU.Build.0 = Release|Any CPU
		{0725D83F-909C-C906-C0BD-A65DC0252F03}.Debug|Any CPU.ActiveCfg = Debug|Any CPU
		{0725D83F-909C-C906-C0BD-A65DC0252F03}.Debug|Any CPU.Build.0 = Debug|Any CPU
		{0725D83F-909C-C906-C0BD-A65DC0252F03}.Release|Any CPU.ActiveCfg = Release|Any CPU
		{0725D83F-909C-C906-C0BD-A65DC0252F03}.Release|Any CPU.Build.0 = Release|Any CPU
		{88FD43FD-678E-BB70-3200-072E85846D23}.Debug|Any CPU.ActiveCfg = Debug|Any CPU
		{88FD43FD-678E-BB70-3200-072E85846D23}.Debug|Any CPU.Build.0 = Debug|Any CPU
		{88FD43FD-678E-BB70-3200-072E85846D23}.Release|Any CPU.ActiveCfg = Release|Any CPU
		{88FD43FD-678E-BB70-3200-072E85846D23}.Release|Any CPU.Build.0 = Release|Any CPU
		{C6508E0C-928C-B776-F6B0-49AFA548978B}.Debug|Any CPU.ActiveCfg = Debug|Any CPU
		{C6508E0C-928C-B776-F6B0-49AFA548978B}.Debug|Any CPU.Build.0 = Debug|Any CPU
		{C6508E0C-928C-B776-F6B0-49AFA548978B}.Release|Any CPU.ActiveCfg = Release|Any CPU
		{C6508E0C-928C-B776-F6B0-49AFA548978B}.Release|Any CPU.Build.0 = Release|Any CPU
	EndGlobalSection
	GlobalSection(SolutionProperties) = preSolution
		HideSolutionNode = FALSE
	EndGlobalSection
EndGlobal
