
Microsoft Visual Studio Solution File, Format Version 12.00
# Visual Studio 2017
Project("{FAE04EC0-301F-11D3-BF4B-00C04F79EFBC}") = "V-auRal UNITY", "V-auRal UNITY.csproj", "{70C2A363-5DA7-934A-BF4D-1C276B7648BF}"
EndProject
Project("{FAE04EC0-301F-11D3-BF4B-00C04F79EFBC}") = "V-auRal UNITY.Plugins", "V-auRal UNITY.Plugins.csproj", "{373F2B87-6E4C-B58D-53F3-AC5FDFDCB298}"
EndProject
Project("{FAE04EC0-301F-11D3-BF4B-00C04F79EFBC}") = "V-auRal UNITY.Editor.Plugins", "V-auRal UNITY.Editor.Plugins.csproj", "{26983A8C-0D3D-95D9-883F-BB3E30F0D556}"
EndProject
Project("{FAE04EC0-301F-11D3-BF4B-00C04F79EFBC}") = "V-auRal UNITY.Editor", "V-auRal UNITY.Editor.csproj", "{81BB39A2-57B2-7423-5DBF-2C630DC44AB1}"
EndProject
Global
	GlobalSection(SolutionConfigurationPlatforms) = preSolution
		Debug|Any CPU = Debug|Any CPU
		Release|Any CPU = Release|Any CPU
	EndGlobalSection
	GlobalSection(ProjectConfigurationPlatforms) = postSolution
		{70C2A363-5DA7-934A-BF4D-1C276B7648BF}.Debug|Any CPU.ActiveCfg = Debug|Any CPU
		{70C2A363-5DA7-934A-BF4D-1C276B7648BF}.Debug|Any CPU.Build.0 = Debug|Any CPU
		{70C2A363-5DA7-934A-BF4D-1C276B7648BF}.Release|Any CPU.ActiveCfg = Release|Any CPU
		{70C2A363-5DA7-934A-BF4D-1C276B7648BF}.Release|Any CPU.Build.0 = Release|Any CPU
		{373F2B87-6E4C-B58D-53F3-AC5FDFDCB298}.Debug|Any CPU.ActiveCfg = Debug|Any CPU
		{373F2B87-6E4C-B58D-53F3-AC5FDFDCB298}.Debug|Any CPU.Build.0 = Debug|Any CPU
		{373F2B87-6E4C-B58D-53F3-AC5FDFDCB298}.Release|Any CPU.ActiveCfg = Release|Any CPU
		{373F2B87-6E4C-B58D-53F3-AC5FDFDCB298}.Release|Any CPU.Build.0 = Release|Any CPU
		{26983A8C-0D3D-95D9-883F-BB3E30F0D556}.Debug|Any CPU.ActiveCfg = Debug|Any CPU
		{26983A8C-0D3D-95D9-883F-BB3E30F0D556}.Debug|Any CPU.Build.0 = Debug|Any CPU
		{26983A8C-0D3D-95D9-883F-BB3E30F0D556}.Release|Any CPU.ActiveCfg = Release|Any CPU
		{26983A8C-0D3D-95D9-883F-BB3E30F0D556}.Release|Any CPU.Build.0 = Release|Any CPU
		{81BB39A2-57B2-7423-5DBF-2C630DC44AB1}.Debug|Any CPU.ActiveCfg = Debug|Any CPU
		{81BB39A2-57B2-7423-5DBF-2C630DC44AB1}.Debug|Any CPU.Build.0 = Debug|Any CPU
		{81BB39A2-57B2-7423-5DBF-2C630DC44AB1}.Release|Any CPU.ActiveCfg = Release|Any CPU
		{81BB39A2-57B2-7423-5DBF-2C630DC44AB1}.Release|Any CPU.Build.0 = Release|Any CPU
	EndGlobalSection
	GlobalSection(SolutionProperties) = preSolution
		HideSolutionNode = FALSE
	EndGlobalSection
EndGlobal
